
Microsoft Visual Studio Solution File, Format Version 12.00
# Visual Studio Version 17
VisualStudioVersion = 17.7.34031.279
MinimumVisualStudioVersion = 10.0.40219.1
Project("{FAE04EC0-301F-11D3-BF4B-00C04F79EFBC}") = "Cooling of the ball", "Cooling of the ball\Cooling of the ball.csproj", "{01A89CF5-BF5F-4DD3-BB56-E0805CDCC144}"
EndProject
Global
	GlobalSection(SolutionConfigurationPlatforms) = preSolution
		Debug|Any CPU = Debug|Any CPU
		Release|Any CPU = Release|Any CPU
	EndGlobalSection
	GlobalSection(ProjectConfigurationPlatforms) = postSolution
		{01A89CF5-BF5F-4DD3-BB56-E0805CDCC144}.Debug|Any CPU.ActiveCfg = Debug|Any CPU
		{01A89CF5-BF5F-4DD3-BB56-E0805CDCC144}.Debug|Any CPU.Build.0 = Debug|Any CPU
		{01A89CF5-BF5F-4DD3-BB56-E0805CDCC144}.Release|Any CPU.ActiveCfg = Release|Any CPU
		{01A89CF5-BF5F-4DD3-BB56-E0805CDCC144}.Release|Any CPU.Build.0 = Release|Any CPU
	EndGlobalSection
	GlobalSection(SolutionProperties) = preSolution
		HideSolutionNode = FALSE
	EndGlobalSection
	GlobalSection(ExtensibilityGlobals) = postSolution
		SolutionGuid = {B4CAD507-9CE1-4663-AF9D-B23532F4D2A4}
	EndGlobalSection
EndGlobal
