
Microsoft Visual Studio Solution File, Format Version 12.00
# Visual Studio Version 17
VisualStudioVersion = 17.7.34031.279
MinimumVisualStudioVersion = 10.0.40219.1
Project("{FAE04EC0-301F-11D3-BF4B-00C04F79EFBC}") = "Pendulum", "Pendulum\Pendulum.csproj", "{B1FF8ECD-EE00-4C4B-AD44-C6D539116930}"
EndProject
Global
	GlobalSection(SolutionConfigurationPlatforms) = preSolution
		Debug|Any CPU = Debug|Any CPU
		Release|Any CPU = Release|Any CPU
	EndGlobalSection
	GlobalSection(ProjectConfigurationPlatforms) = postSolution
		{B1FF8ECD-EE00-4C4B-AD44-C6D539116930}.Debug|Any CPU.ActiveCfg = Debug|Any CPU
		{B1FF8ECD-EE00-4C4B-AD44-C6D539116930}.Debug|Any CPU.Build.0 = Debug|Any CPU
		{B1FF8ECD-EE00-4C4B-AD44-C6D539116930}.Release|Any CPU.ActiveCfg = Release|Any CPU
		{B1FF8ECD-EE00-4C4B-AD44-C6D539116930}.Release|Any CPU.Build.0 = Release|Any CPU
	EndGlobalSection
	GlobalSection(SolutionProperties) = preSolution
		HideSolutionNode = FALSE
	EndGlobalSection
	GlobalSection(ExtensibilityGlobals) = postSolution
		SolutionGuid = {F5083EC6-1F6A-42C5-A8EC-1079D6E7288F}
	EndGlobalSection
EndGlobal
